
Microsoft Visual Studio Solution File, Format Version 12.00
# Visual Studio Version 16
VisualStudioVersion = 16.0.29509.3
MinimumVisualStudioVersion = 10.0.40219.1
Project("{9A19103F-16F7-4668-BE54-9A1E7A4F7556}") = "ParsingExpressionTreesExample", "ParsingExpressionTreesExample\ParsingExpressionTreesExample.csproj", "{54073144-BF7D-43AB-8574-A14904A75DF5}"
EndProject
Project("{9A19103F-16F7-4668-BE54-9A1E7A4F7556}") = "CreatingExpressionTreesExample", "CreatingExpressionTreesExample\CreatingExpressionTreesExample.csproj", "{746E58D4-A8B9-4ADF-9D6B-D9A83B4AC209}"
EndProject
Project("{9A19103F-16F7-4668-BE54-9A1E7A4F7556}") = "Common", "Common\Common.csproj", "{BABD6807-CF82-4C84-8A5D-A54F7353A7D9}"
EndProject
Project("{FAE04EC0-301F-11D3-BF4B-00C04F79EFBC}") = "ExpressionTreesUsage", "ExpressionTreesUsage\ExpressionTreesUsage.csproj", "{57000358-3E68-4AE9-AD6A-370217BD9973}"
EndProject
Project("{FAE04EC0-301F-11D3-BF4B-00C04F79EFBC}") = "InstancesCreation", "InstancesCreation\InstancesCreation.csproj", "{16DDE0F0-9F87-42A6-9DAC-21DBAC9782B2}"
EndProject
Project("{FAE04EC0-301F-11D3-BF4B-00C04F79EFBC}") = "DynamicExample", "DynamicExample\DynamicExample.csproj", "{80BC60D7-6BFF-4680-8D98-888471964520}"
EndProject
Global
	GlobalSection(SolutionConfigurationPlatforms) = preSolution
		Debug|Any CPU = Debug|Any CPU
		Release|Any CPU = Release|Any CPU
	EndGlobalSection
	GlobalSection(ProjectConfigurationPlatforms) = postSolution
		{54073144-BF7D-43AB-8574-A14904A75DF5}.Debug|Any CPU.ActiveCfg = Debug|Any CPU
		{54073144-BF7D-43AB-8574-A14904A75DF5}.Debug|Any CPU.Build.0 = Debug|Any CPU
		{54073144-BF7D-43AB-8574-A14904A75DF5}.Release|Any CPU.ActiveCfg = Release|Any CPU
		{54073144-BF7D-43AB-8574-A14904A75DF5}.Release|Any CPU.Build.0 = Release|Any CPU
		{746E58D4-A8B9-4ADF-9D6B-D9A83B4AC209}.Debug|Any CPU.ActiveCfg = Debug|Any CPU
		{746E58D4-A8B9-4ADF-9D6B-D9A83B4AC209}.Debug|Any CPU.Build.0 = Debug|Any CPU
		{746E58D4-A8B9-4ADF-9D6B-D9A83B4AC209}.Release|Any CPU.ActiveCfg = Release|Any CPU
		{746E58D4-A8B9-4ADF-9D6B-D9A83B4AC209}.Release|Any CPU.Build.0 = Release|Any CPU
		{BABD6807-CF82-4C84-8A5D-A54F7353A7D9}.Debug|Any CPU.ActiveCfg = Debug|Any CPU
		{BABD6807-CF82-4C84-8A5D-A54F7353A7D9}.Debug|Any CPU.Build.0 = Debug|Any CPU
		{BABD6807-CF82-4C84-8A5D-A54F7353A7D9}.Release|Any CPU.ActiveCfg = Release|Any CPU
		{BABD6807-CF82-4C84-8A5D-A54F7353A7D9}.Release|Any CPU.Build.0 = Release|Any CPU
		{57000358-3E68-4AE9-AD6A-370217BD9973}.Debug|Any CPU.ActiveCfg = Debug|Any CPU
		{57000358-3E68-4AE9-AD6A-370217BD9973}.Debug|Any CPU.Build.0 = Debug|Any CPU
		{57000358-3E68-4AE9-AD6A-370217BD9973}.Release|Any CPU.ActiveCfg = Release|Any CPU
		{57000358-3E68-4AE9-AD6A-370217BD9973}.Release|Any CPU.Build.0 = Release|Any CPU
		{16DDE0F0-9F87-42A6-9DAC-21DBAC9782B2}.Debug|Any CPU.ActiveCfg = Debug|Any CPU
		{16DDE0F0-9F87-42A6-9DAC-21DBAC9782B2}.Debug|Any CPU.Build.0 = Debug|Any CPU
		{16DDE0F0-9F87-42A6-9DAC-21DBAC9782B2}.Release|Any CPU.ActiveCfg = Release|Any CPU
		{16DDE0F0-9F87-42A6-9DAC-21DBAC9782B2}.Release|Any CPU.Build.0 = Release|Any CPU
		{80BC60D7-6BFF-4680-8D98-888471964520}.Debug|Any CPU.ActiveCfg = Debug|Any CPU
		{80BC60D7-6BFF-4680-8D98-888471964520}.Debug|Any CPU.Build.0 = Debug|Any CPU
		{80BC60D7-6BFF-4680-8D98-888471964520}.Release|Any CPU.ActiveCfg = Release|Any CPU
		{80BC60D7-6BFF-4680-8D98-888471964520}.Release|Any CPU.Build.0 = Release|Any CPU
	EndGlobalSection
	GlobalSection(SolutionProperties) = preSolution
		HideSolutionNode = FALSE
	EndGlobalSection
	GlobalSection(ExtensibilityGlobals) = postSolution
		SolutionGuid = {4E9ED031-5AE0-4562-806A-A281678514C5}
	EndGlobalSection
EndGlobal
