
Microsoft Visual Studio Solution File, Format Version 12.00
# Visual Studio Version 16
VisualStudioVersion = 16.0.29509.3
MinimumVisualStudioVersion = 10.0.40219.1
Project("{9A19103F-16F7-4668-BE54-9A1E7A4F7556}") = "SynchronousApp", "SynchronousApp\SynchronousApp.csproj", "{79637EE6-30EA-42F5-B1EC-4321169A607B}"
EndProject
Project("{9A19103F-16F7-4668-BE54-9A1E7A4F7556}") = "MultithreadingExample", "MultithreadingExample\MultithreadingExample.csproj", "{3AF89FE0-3161-4A94-93ED-06E333B79FF9}"
EndProject
Project("{9A19103F-16F7-4668-BE54-9A1E7A4F7556}") = "CalculatingPrimeNumbers", "CalculatingPrimeNumbers\CalculatingPrimeNumbers.csproj", "{7B5CF713-C9B7-4F84-A41F-C4155C6E535C}"
EndProject
Project("{9A19103F-16F7-4668-BE54-9A1E7A4F7556}") = "ThreadsStack", "ThreadsStack\ThreadsStack.csproj", "{C25C718E-C228-44FB-A7A6-CE948EDD252B}"
EndProject
Project("{FAE04EC0-301F-11D3-BF4B-00C04F79EFBC}") = "RaceConditions", "RaceConditions\RaceConditions.csproj", "{DD2D09B1-2C48-4897-B501-A9A49527556D}"
EndProject
Project("{FAE04EC0-301F-11D3-BF4B-00C04F79EFBC}") = "Deadlocks", "Deadlocks\Deadlocks.csproj", "{35F7E30F-CCF9-4E32-AFF2-7918E3135B9A}"
EndProject
Project("{FAE04EC0-301F-11D3-BF4B-00C04F79EFBC}") = "ExceptionHandlingInThreads", "ExceptionHandlingInThreads\ExceptionHandlingInThreads.csproj", "{20A78AFB-3386-4195-826E-D8308073D71F}"
EndProject
Global
	GlobalSection(SolutionConfigurationPlatforms) = preSolution
		Debug|Any CPU = Debug|Any CPU
		Release|Any CPU = Release|Any CPU
	EndGlobalSection
	GlobalSection(ProjectConfigurationPlatforms) = postSolution
		{79637EE6-30EA-42F5-B1EC-4321169A607B}.Debug|Any CPU.ActiveCfg = Debug|Any CPU
		{79637EE6-30EA-42F5-B1EC-4321169A607B}.Debug|Any CPU.Build.0 = Debug|Any CPU
		{79637EE6-30EA-42F5-B1EC-4321169A607B}.Release|Any CPU.ActiveCfg = Release|Any CPU
		{79637EE6-30EA-42F5-B1EC-4321169A607B}.Release|Any CPU.Build.0 = Release|Any CPU
		{3AF89FE0-3161-4A94-93ED-06E333B79FF9}.Debug|Any CPU.ActiveCfg = Debug|Any CPU
		{3AF89FE0-3161-4A94-93ED-06E333B79FF9}.Debug|Any CPU.Build.0 = Debug|Any CPU
		{3AF89FE0-3161-4A94-93ED-06E333B79FF9}.Release|Any CPU.ActiveCfg = Release|Any CPU
		{3AF89FE0-3161-4A94-93ED-06E333B79FF9}.Release|Any CPU.Build.0 = Release|Any CPU
		{7B5CF713-C9B7-4F84-A41F-C4155C6E535C}.Debug|Any CPU.ActiveCfg = Debug|Any CPU
		{7B5CF713-C9B7-4F84-A41F-C4155C6E535C}.Debug|Any CPU.Build.0 = Debug|Any CPU
		{7B5CF713-C9B7-4F84-A41F-C4155C6E535C}.Release|Any CPU.ActiveCfg = Release|Any CPU
		{7B5CF713-C9B7-4F84-A41F-C4155C6E535C}.Release|Any CPU.Build.0 = Release|Any CPU
		{C25C718E-C228-44FB-A7A6-CE948EDD252B}.Debug|Any CPU.ActiveCfg = Debug|Any CPU
		{C25C718E-C228-44FB-A7A6-CE948EDD252B}.Debug|Any CPU.Build.0 = Debug|Any CPU
		{C25C718E-C228-44FB-A7A6-CE948EDD252B}.Release|Any CPU.ActiveCfg = Release|Any CPU
		{C25C718E-C228-44FB-A7A6-CE948EDD252B}.Release|Any CPU.Build.0 = Release|Any CPU
		{DD2D09B1-2C48-4897-B501-A9A49527556D}.Debug|Any CPU.ActiveCfg = Debug|Any CPU
		{DD2D09B1-2C48-4897-B501-A9A49527556D}.Debug|Any CPU.Build.0 = Debug|Any CPU
		{DD2D09B1-2C48-4897-B501-A9A49527556D}.Release|Any CPU.ActiveCfg = Release|Any CPU
		{DD2D09B1-2C48-4897-B501-A9A49527556D}.Release|Any CPU.Build.0 = Release|Any CPU
		{35F7E30F-CCF9-4E32-AFF2-7918E3135B9A}.Debug|Any CPU.ActiveCfg = Debug|Any CPU
		{35F7E30F-CCF9-4E32-AFF2-7918E3135B9A}.Debug|Any CPU.Build.0 = Debug|Any CPU
		{35F7E30F-CCF9-4E32-AFF2-7918E3135B9A}.Release|Any CPU.ActiveCfg = Release|Any CPU
		{35F7E30F-CCF9-4E32-AFF2-7918E3135B9A}.Release|Any CPU.Build.0 = Release|Any CPU
		{20A78AFB-3386-4195-826E-D8308073D71F}.Debug|Any CPU.ActiveCfg = Debug|Any CPU
		{20A78AFB-3386-4195-826E-D8308073D71F}.Debug|Any CPU.Build.0 = Debug|Any CPU
		{20A78AFB-3386-4195-826E-D8308073D71F}.Release|Any CPU.ActiveCfg = Release|Any CPU
		{20A78AFB-3386-4195-826E-D8308073D71F}.Release|Any CPU.Build.0 = Release|Any CPU
	EndGlobalSection
	GlobalSection(SolutionProperties) = preSolution
		HideSolutionNode = FALSE
	EndGlobalSection
	GlobalSection(ExtensibilityGlobals) = postSolution
		SolutionGuid = {24612D33-9020-4ACC-ABAB-093123531B93}
	EndGlobalSection
EndGlobal
