
Microsoft Visual Studio Solution File, Format Version 12.00
# Visual Studio Version 16
VisualStudioVersion = 16.0.29503.13
MinimumVisualStudioVersion = 10.0.40219.1
Project("{9A19103F-16F7-4668-BE54-9A1E7A4F7556}") = "01.LoadingAssemblies", "01.LoadingAssemblies\01.LoadingAssemblies.csproj", "{9F01523C-9ABA-4C66-9070-F305FFDCE13E}"
EndProject
Project("{9A19103F-16F7-4668-BE54-9A1E7A4F7556}") = "01.LoadingAssemblies.Extension", "01.LoadingAssemblies.Extension\01.LoadingAssemblies.Extension.csproj", "{BF380524-8B85-4BC2-B401-65DD5DC3A055}"
EndProject
Project("{FAE04EC0-301F-11D3-BF4B-00C04F79EFBC}") = "02.SystemTypeMethods", "02.SystemTypeMethods\02.SystemTypeMethods.csproj", "{FAC1B698-B886-4467-AFD6-AA2977C176C7}"
EndProject
Project("{FAE04EC0-301F-11D3-BF4B-00C04F79EFBC}") = "03.InstancesAndInvocations", "03.InstancesAndInvocations\03.InstancesAndInvocations.csproj", "{F5C6AD78-EE34-4CD2-8F66-270DEEFF127E}"
EndProject
Project("{FAE04EC0-301F-11D3-BF4B-00C04F79EFBC}") = "04.Generics", "04.Generics\04.Generics.csproj", "{6A1A1F8A-5877-4031-AC67-8EBF0C70970F}"
EndProject
Project("{FAE04EC0-301F-11D3-BF4B-00C04F79EFBC}") = "05.ReflectionEmit", "05.ReflectionEmit\05.ReflectionEmit.csproj", "{C1B8E788-2528-4F1D-B2DF-DB89807CC07A}"
EndProject
Global
	GlobalSection(SolutionConfigurationPlatforms) = preSolution
		Debug|Any CPU = Debug|Any CPU
		Release|Any CPU = Release|Any CPU
	EndGlobalSection
	GlobalSection(ProjectConfigurationPlatforms) = postSolution
		{9F01523C-9ABA-4C66-9070-F305FFDCE13E}.Debug|Any CPU.ActiveCfg = Debug|Any CPU
		{9F01523C-9ABA-4C66-9070-F305FFDCE13E}.Debug|Any CPU.Build.0 = Debug|Any CPU
		{9F01523C-9ABA-4C66-9070-F305FFDCE13E}.Release|Any CPU.ActiveCfg = Release|Any CPU
		{9F01523C-9ABA-4C66-9070-F305FFDCE13E}.Release|Any CPU.Build.0 = Release|Any CPU
		{BF380524-8B85-4BC2-B401-65DD5DC3A055}.Debug|Any CPU.ActiveCfg = Debug|Any CPU
		{BF380524-8B85-4BC2-B401-65DD5DC3A055}.Debug|Any CPU.Build.0 = Debug|Any CPU
		{BF380524-8B85-4BC2-B401-65DD5DC3A055}.Release|Any CPU.ActiveCfg = Release|Any CPU
		{BF380524-8B85-4BC2-B401-65DD5DC3A055}.Release|Any CPU.Build.0 = Release|Any CPU
		{FAC1B698-B886-4467-AFD6-AA2977C176C7}.Debug|Any CPU.ActiveCfg = Debug|Any CPU
		{FAC1B698-B886-4467-AFD6-AA2977C176C7}.Debug|Any CPU.Build.0 = Debug|Any CPU
		{FAC1B698-B886-4467-AFD6-AA2977C176C7}.Release|Any CPU.ActiveCfg = Release|Any CPU
		{FAC1B698-B886-4467-AFD6-AA2977C176C7}.Release|Any CPU.Build.0 = Release|Any CPU
		{F5C6AD78-EE34-4CD2-8F66-270DEEFF127E}.Debug|Any CPU.ActiveCfg = Debug|Any CPU
		{F5C6AD78-EE34-4CD2-8F66-270DEEFF127E}.Debug|Any CPU.Build.0 = Debug|Any CPU
		{F5C6AD78-EE34-4CD2-8F66-270DEEFF127E}.Release|Any CPU.ActiveCfg = Release|Any CPU
		{F5C6AD78-EE34-4CD2-8F66-270DEEFF127E}.Release|Any CPU.Build.0 = Release|Any CPU
		{6A1A1F8A-5877-4031-AC67-8EBF0C70970F}.Debug|Any CPU.ActiveCfg = Debug|Any CPU
		{6A1A1F8A-5877-4031-AC67-8EBF0C70970F}.Debug|Any CPU.Build.0 = Debug|Any CPU
		{6A1A1F8A-5877-4031-AC67-8EBF0C70970F}.Release|Any CPU.ActiveCfg = Release|Any CPU
		{6A1A1F8A-5877-4031-AC67-8EBF0C70970F}.Release|Any CPU.Build.0 = Release|Any CPU
		{C1B8E788-2528-4F1D-B2DF-DB89807CC07A}.Debug|Any CPU.ActiveCfg = Debug|Any CPU
		{C1B8E788-2528-4F1D-B2DF-DB89807CC07A}.Debug|Any CPU.Build.0 = Debug|Any CPU
		{C1B8E788-2528-4F1D-B2DF-DB89807CC07A}.Release|Any CPU.ActiveCfg = Release|Any CPU
		{C1B8E788-2528-4F1D-B2DF-DB89807CC07A}.Release|Any CPU.Build.0 = Release|Any CPU
	EndGlobalSection
	GlobalSection(SolutionProperties) = preSolution
		HideSolutionNode = FALSE
	EndGlobalSection
	GlobalSection(ExtensibilityGlobals) = postSolution
		SolutionGuid = {653B376B-D57F-4C99-93FC-C054C1D7759B}
	EndGlobalSection
EndGlobal
