
Microsoft Visual Studio Solution File, Format Version 12.00
# Visual Studio Version 16
VisualStudioVersion = 16.0.29418.71
MinimumVisualStudioVersion = 10.0.40219.1
Project("{2150E333-8FDC-42A3-9474-1A3956D46DE8}") = "Traps", "Traps", "{D3987003-3C52-4FE6-B5B8-F1F83EE73209}"
EndProject
Project("{9A19103F-16F7-4668-BE54-9A1E7A4F7556}") = "Equality", "Equality\Equality.csproj", "{765B4C75-E855-4E1F-B70D-93F5540EB719}"
EndProject
Project("{9A19103F-16F7-4668-BE54-9A1E7A4F7556}") = "StringReferences", "StringReferences\StringReferences.csproj", "{B590A780-0B03-4544-BC1C-DD008F1B6E9A}"
EndProject
Project("{9A19103F-16F7-4668-BE54-9A1E7A4F7556}") = "LinqMultipleEnumeration", "LinqMultipleEnumeration\LinqMultipleEnumeration.csproj", "{F522377F-A99B-497C-B6E8-CDE487F37C22}"
EndProject
Project("{9A19103F-16F7-4668-BE54-9A1E7A4F7556}") = "ChangingHashCode", "ChangingHashCode\ChangingHashCode.csproj", "{E0DE79FE-A707-411E-9E62-E0C413705809}"
EndProject
Project("{9A19103F-16F7-4668-BE54-9A1E7A4F7556}") = "VirtualCallInConstructor", "VirtualCallInConstructor\VirtualCallInConstructor.csproj", "{BE28C49D-0513-42E3-88AF-46D23B17C6C5}"
EndProject
Project("{9A19103F-16F7-4668-BE54-9A1E7A4F7556}") = "StackTraceWithRethrowingException", "StackTraceWithRethrowingException\StackTraceWithRethrowingException.csproj", "{6E58AA04-C8C0-45F5-96D9-457F43170625}"
EndProject
Project("{2150E333-8FDC-42A3-9474-1A3956D46DE8}") = "SyntacticSugar", "SyntacticSugar", "{A552AFF3-B182-4F29-BA60-85472DC559AC}"
EndProject
Project("{9A19103F-16F7-4668-BE54-9A1E7A4F7556}") = "CovarianceAndContravariance", "CovarianceAndContravariance\CovarianceAndContravariance.csproj", "{15CB653E-BD32-41D3-938C-D62791BD1998}"
EndProject
Project("{9A19103F-16F7-4668-BE54-9A1E7A4F7556}") = "CastingVsAsOperator", "CastingVsAsOperator\CastingVsAsOperator.csproj", "{F6082E25-3D18-4E77-87E2-6023125EAF0B}"
EndProject
Project("{2150E333-8FDC-42A3-9474-1A3956D46DE8}") = "UsefulClassesAndMethods", "UsefulClassesAndMethods", "{0BA2839D-0F60-4709-AD1E-22691B8B1C80}"
EndProject
Project("{9A19103F-16F7-4668-BE54-9A1E7A4F7556}") = "MethodDeprecation", "MethodDeprecation\MethodDeprecation.csproj", "{59F40D9D-32E8-4DCE-86D3-4082E92F068A}"
EndProject
Project("{2150E333-8FDC-42A3-9474-1A3956D46DE8}") = "OptionalParameters", "OptionalParameters", "{DC50CF98-4A85-4439-A170-2E50094594CB}"
EndProject
Project("{FAE04EC0-301F-11D3-BF4B-00C04F79EFBC}") = "OptionalParameters.Library", "OptionalParameters.Library\OptionalParameters.Library.csproj", "{CF85727F-668B-40D4-BB1E-E78BBAC5542A}"
EndProject
Project("{FAE04EC0-301F-11D3-BF4B-00C04F79EFBC}") = "OptionalParameters.Client", "OptionalParameters.Client\OptionalParameters.Client.csproj", "{7565B1EB-4C14-43DF-8517-E6CD2282916B}"
EndProject
Project("{FAE04EC0-301F-11D3-BF4B-00C04F79EFBC}") = "CombineSequences", "CombineSequences\CombineSequences.csproj", "{39F2F396-B00D-4438-B7D6-43E72C363C4F}"
EndProject
Global
	GlobalSection(SolutionConfigurationPlatforms) = preSolution
		Debug|Any CPU = Debug|Any CPU
		Release|Any CPU = Release|Any CPU
	EndGlobalSection
	GlobalSection(ProjectConfigurationPlatforms) = postSolution
		{765B4C75-E855-4E1F-B70D-93F5540EB719}.Debug|Any CPU.ActiveCfg = Debug|Any CPU
		{765B4C75-E855-4E1F-B70D-93F5540EB719}.Debug|Any CPU.Build.0 = Debug|Any CPU
		{765B4C75-E855-4E1F-B70D-93F5540EB719}.Release|Any CPU.ActiveCfg = Release|Any CPU
		{765B4C75-E855-4E1F-B70D-93F5540EB719}.Release|Any CPU.Build.0 = Release|Any CPU
		{B590A780-0B03-4544-BC1C-DD008F1B6E9A}.Debug|Any CPU.ActiveCfg = Debug|Any CPU
		{B590A780-0B03-4544-BC1C-DD008F1B6E9A}.Debug|Any CPU.Build.0 = Debug|Any CPU
		{B590A780-0B03-4544-BC1C-DD008F1B6E9A}.Release|Any CPU.ActiveCfg = Release|Any CPU
		{B590A780-0B03-4544-BC1C-DD008F1B6E9A}.Release|Any CPU.Build.0 = Release|Any CPU
		{F522377F-A99B-497C-B6E8-CDE487F37C22}.Debug|Any CPU.ActiveCfg = Debug|Any CPU
		{F522377F-A99B-497C-B6E8-CDE487F37C22}.Debug|Any CPU.Build.0 = Debug|Any CPU
		{F522377F-A99B-497C-B6E8-CDE487F37C22}.Release|Any CPU.ActiveCfg = Release|Any CPU
		{F522377F-A99B-497C-B6E8-CDE487F37C22}.Release|Any CPU.Build.0 = Release|Any CPU
		{E0DE79FE-A707-411E-9E62-E0C413705809}.Debug|Any CPU.ActiveCfg = Debug|Any CPU
		{E0DE79FE-A707-411E-9E62-E0C413705809}.Debug|Any CPU.Build.0 = Debug|Any CPU
		{E0DE79FE-A707-411E-9E62-E0C413705809}.Release|Any CPU.ActiveCfg = Release|Any CPU
		{E0DE79FE-A707-411E-9E62-E0C413705809}.Release|Any CPU.Build.0 = Release|Any CPU
		{BE28C49D-0513-42E3-88AF-46D23B17C6C5}.Debug|Any CPU.ActiveCfg = Debug|Any CPU
		{BE28C49D-0513-42E3-88AF-46D23B17C6C5}.Debug|Any CPU.Build.0 = Debug|Any CPU
		{BE28C49D-0513-42E3-88AF-46D23B17C6C5}.Release|Any CPU.ActiveCfg = Release|Any CPU
		{BE28C49D-0513-42E3-88AF-46D23B17C6C5}.Release|Any CPU.Build.0 = Release|Any CPU
		{6E58AA04-C8C0-45F5-96D9-457F43170625}.Debug|Any CPU.ActiveCfg = Debug|Any CPU
		{6E58AA04-C8C0-45F5-96D9-457F43170625}.Debug|Any CPU.Build.0 = Debug|Any CPU
		{6E58AA04-C8C0-45F5-96D9-457F43170625}.Release|Any CPU.ActiveCfg = Release|Any CPU
		{6E58AA04-C8C0-45F5-96D9-457F43170625}.Release|Any CPU.Build.0 = Release|Any CPU
		{15CB653E-BD32-41D3-938C-D62791BD1998}.Debug|Any CPU.ActiveCfg = Debug|Any CPU
		{15CB653E-BD32-41D3-938C-D62791BD1998}.Debug|Any CPU.Build.0 = Debug|Any CPU
		{15CB653E-BD32-41D3-938C-D62791BD1998}.Release|Any CPU.ActiveCfg = Release|Any CPU
		{15CB653E-BD32-41D3-938C-D62791BD1998}.Release|Any CPU.Build.0 = Release|Any CPU
		{F6082E25-3D18-4E77-87E2-6023125EAF0B}.Debug|Any CPU.ActiveCfg = Debug|Any CPU
		{F6082E25-3D18-4E77-87E2-6023125EAF0B}.Debug|Any CPU.Build.0 = Debug|Any CPU
		{F6082E25-3D18-4E77-87E2-6023125EAF0B}.Release|Any CPU.ActiveCfg = Release|Any CPU
		{F6082E25-3D18-4E77-87E2-6023125EAF0B}.Release|Any CPU.Build.0 = Release|Any CPU
		{59F40D9D-32E8-4DCE-86D3-4082E92F068A}.Debug|Any CPU.ActiveCfg = Debug|Any CPU
		{59F40D9D-32E8-4DCE-86D3-4082E92F068A}.Debug|Any CPU.Build.0 = Debug|Any CPU
		{59F40D9D-32E8-4DCE-86D3-4082E92F068A}.Release|Any CPU.ActiveCfg = Release|Any CPU
		{59F40D9D-32E8-4DCE-86D3-4082E92F068A}.Release|Any CPU.Build.0 = Release|Any CPU
		{CF85727F-668B-40D4-BB1E-E78BBAC5542A}.Debug|Any CPU.ActiveCfg = Debug|Any CPU
		{CF85727F-668B-40D4-BB1E-E78BBAC5542A}.Debug|Any CPU.Build.0 = Debug|Any CPU
		{CF85727F-668B-40D4-BB1E-E78BBAC5542A}.Release|Any CPU.ActiveCfg = Release|Any CPU
		{CF85727F-668B-40D4-BB1E-E78BBAC5542A}.Release|Any CPU.Build.0 = Release|Any CPU
		{7565B1EB-4C14-43DF-8517-E6CD2282916B}.Debug|Any CPU.ActiveCfg = Debug|Any CPU
		{7565B1EB-4C14-43DF-8517-E6CD2282916B}.Debug|Any CPU.Build.0 = Debug|Any CPU
		{7565B1EB-4C14-43DF-8517-E6CD2282916B}.Release|Any CPU.ActiveCfg = Release|Any CPU
		{7565B1EB-4C14-43DF-8517-E6CD2282916B}.Release|Any CPU.Build.0 = Release|Any CPU
		{39F2F396-B00D-4438-B7D6-43E72C363C4F}.Debug|Any CPU.ActiveCfg = Debug|Any CPU
		{39F2F396-B00D-4438-B7D6-43E72C363C4F}.Debug|Any CPU.Build.0 = Debug|Any CPU
		{39F2F396-B00D-4438-B7D6-43E72C363C4F}.Release|Any CPU.ActiveCfg = Release|Any CPU
		{39F2F396-B00D-4438-B7D6-43E72C363C4F}.Release|Any CPU.Build.0 = Release|Any CPU
	EndGlobalSection
	GlobalSection(SolutionProperties) = preSolution
		HideSolutionNode = FALSE
	EndGlobalSection
	GlobalSection(NestedProjects) = preSolution
		{765B4C75-E855-4E1F-B70D-93F5540EB719} = {D3987003-3C52-4FE6-B5B8-F1F83EE73209}
		{B590A780-0B03-4544-BC1C-DD008F1B6E9A} = {D3987003-3C52-4FE6-B5B8-F1F83EE73209}
		{F522377F-A99B-497C-B6E8-CDE487F37C22} = {D3987003-3C52-4FE6-B5B8-F1F83EE73209}
		{E0DE79FE-A707-411E-9E62-E0C413705809} = {D3987003-3C52-4FE6-B5B8-F1F83EE73209}
		{BE28C49D-0513-42E3-88AF-46D23B17C6C5} = {D3987003-3C52-4FE6-B5B8-F1F83EE73209}
		{6E58AA04-C8C0-45F5-96D9-457F43170625} = {D3987003-3C52-4FE6-B5B8-F1F83EE73209}
		{15CB653E-BD32-41D3-938C-D62791BD1998} = {A552AFF3-B182-4F29-BA60-85472DC559AC}
		{F6082E25-3D18-4E77-87E2-6023125EAF0B} = {A552AFF3-B182-4F29-BA60-85472DC559AC}
		{59F40D9D-32E8-4DCE-86D3-4082E92F068A} = {0BA2839D-0F60-4709-AD1E-22691B8B1C80}
		{CF85727F-668B-40D4-BB1E-E78BBAC5542A} = {DC50CF98-4A85-4439-A170-2E50094594CB}
		{7565B1EB-4C14-43DF-8517-E6CD2282916B} = {DC50CF98-4A85-4439-A170-2E50094594CB}
		{39F2F396-B00D-4438-B7D6-43E72C363C4F} = {0BA2839D-0F60-4709-AD1E-22691B8B1C80}
	EndGlobalSection
	GlobalSection(ExtensibilityGlobals) = postSolution
		SolutionGuid = {1891FC9B-34C1-4598-9522-53DC83F868E5}
	EndGlobalSection
EndGlobal
